
Microsoft Visual Studio Solution File, Format Version 12.00
# Visual Studio Version 17
VisualStudioVersion = 17.5.33414.496
MinimumVisualStudioVersion = 10.0.40219.1
Project("{FAE04EC0-301F-11D3-BF4B-00C04F79EFBC}") = "Sesh6DbFirst", "Sesh6DbFirst\Sesh6DbFirst.csproj", "{54B994E1-9089-4EA6-B389-0472F1BC3BEC}"
EndProject
Global
	GlobalSection(SolutionConfigurationPlatforms) = preSolution
		Debug|Any CPU = Debug|Any CPU
		Release|Any CPU = Release|Any CPU
	EndGlobalSection
	GlobalSection(ProjectConfigurationPlatforms) = postSolution
		{54B994E1-9089-4EA6-B389-0472F1BC3BEC}.Debug|Any CPU.ActiveCfg = Debug|Any CPU
		{54B994E1-9089-4EA6-B389-0472F1BC3BEC}.Debug|Any CPU.Build.0 = Debug|Any CPU
		{54B994E1-9089-4EA6-B389-0472F1BC3BEC}.Release|Any CPU.ActiveCfg = Release|Any CPU
		{54B994E1-9089-4EA6-B389-0472F1BC3BEC}.Release|Any CPU.Build.0 = Release|Any CPU
	EndGlobalSection
	GlobalSection(SolutionProperties) = preSolution
		HideSolutionNode = FALSE
	EndGlobalSection
	GlobalSection(ExtensibilityGlobals) = postSolution
		SolutionGuid = {BDFADCE9-D501-461D-AF2C-38732A80C49C}
	EndGlobalSection
EndGlobal
